
Microsoft Visual Studio Solution File, Format Version 12.00
# Visual Studio Version 17
VisualStudioVersion = 17.7.34221.43
MinimumVisualStudioVersion = 10.0.40219.1
Project("{8BC9CEB8-8B4A-11D0-8D11-00A0C91BC942}") = "rv64sim", "rv64sim.vcxproj", "{2EDF3286-C0C7-4ED0-A97C-1D758E622D5B}"
EndProject
Global
	GlobalSection(SolutionConfigurationPlatforms) = preSolution
		Debug|x64 = Debug|x64
		Debug|x86 = Debug|x86
		Debug32|x64 = Debug32|x64
		Debug32|x86 = Debug32|x86
		Release|x64 = Release|x64
		Release|x86 = Release|x86
	EndGlobalSection
	GlobalSection(ProjectConfigurationPlatforms) = postSolution
		{2EDF3286-C0C7-4ED0-A97C-1D758E622D5B}.Debug|x64.ActiveCfg = Debug|x64
		{2EDF3286-C0C7-4ED0-A97C-1D758E622D5B}.Debug|x64.Build.0 = Debug|x64
		{2EDF3286-C0C7-4ED0-A97C-1D758E622D5B}.Debug|x86.ActiveCfg = Debug|Win32
		{2EDF3286-C0C7-4ED0-A97C-1D758E622D5B}.Debug|x86.Build.0 = Debug|Win32
		{2EDF3286-C0C7-4ED0-A97C-1D758E622D5B}.Debug32|x64.ActiveCfg = Debug32|x64
		{2EDF3286-C0C7-4ED0-A97C-1D758E622D5B}.Debug32|x64.Build.0 = Debug32|x64
		{2EDF3286-C0C7-4ED0-A97C-1D758E622D5B}.Debug32|x86.ActiveCfg = Debug32|Win32
		{2EDF3286-C0C7-4ED0-A97C-1D758E622D5B}.Debug32|x86.Build.0 = Debug32|Win32
		{2EDF3286-C0C7-4ED0-A97C-1D758E622D5B}.Release|x64.ActiveCfg = Release|x64
		{2EDF3286-C0C7-4ED0-A97C-1D758E622D5B}.Release|x64.Build.0 = Release|x64
		{2EDF3286-C0C7-4ED0-A97C-1D758E622D5B}.Release|x86.ActiveCfg = Release|Win32
		{2EDF3286-C0C7-4ED0-A97C-1D758E622D5B}.Release|x86.Build.0 = Release|Win32
	EndGlobalSection
	GlobalSection(SolutionProperties) = preSolution
		HideSolutionNode = FALSE
	EndGlobalSection
	GlobalSection(ExtensibilityGlobals) = postSolution
		SolutionGuid = {D2A8F622-C816-4230-A7E8-852BF161B547}
	EndGlobalSection
EndGlobal
